// !$*UTF8*$!
{
	archiveVersion = 1;
	classes = {
	};
	objectVersion = 46;
	objects = {

/* Begin PBXBuildFile section */
		65506C811A6E4AFE00D1862C /* main.m in Sources */ = {isa = PBXBuildFile; fileRef = 65506C801A6E4AFE00D1862C /* main.m */; };
		65506C841A6E4AFE00D1862C /* AppDelegate.m in Sources */ = {isa = PBXBuildFile; fileRef = 65506C831A6E4AFE00D1862C /* AppDelegate.m */; };
		65506C871A6E4AFE00D1862C /* ViewController.m in Sources */ = {isa = PBXBuildFile; fileRef = 65506C861A6E4AFE00D1862C /* ViewController.m */; };
		65506C8A1A6E4AFE00D1862C /* Main.storyboard in Resources */ = {isa = PBXBuildFile; fileRef = 65506C881A6E4AFE00D1862C /* Main.storyboard */; };
		65506C8C1A6E4AFE00D1862C /* Images.xcassets in Resources */ = {isa = PBXBuildFile; fileRef = 65506C8B1A6E4AFE00D1862C /* Images.xcassets */; };
		65506C8F1A6E4AFE00D1862C /* LaunchScreen.xib in Resources */ = {isa = PBXBuildFile; fileRef = 65506C8D1A6E4AFE00D1862C /* LaunchScreen.xib */; };
		65506C9B1A6E4AFE00D1862C /* FeedBackTests.m in Sources */ = {isa = PBXBuildFile; fileRef = 65506C9A1A6E4AFE00D1862C /* FeedBackTests.m */; };
		65506CA61A6E4B8500D1862C /* sliderDefine.m in Sources */ = {isa = PBXBuildFile; fileRef = 65506CA51A6E4B8500D1862C /* sliderDefine.m */; };
		65506CA91A6E4CBE00D1862C /* RatePage.m in Sources */ = {isa = PBXBuildFile; fileRef = 65506CA81A6E4CBE00D1862C /* RatePage.m */; };
		65F49A921A7B88CE00AC5AB4 /* b1.png in Resources */ = {isa = PBXBuildFile; fileRef = 65F49A8C1A7B88CE00AC5AB4 /* b1.png */; };
		65F49A931A7B88CE00AC5AB4 /* b2.png in Resources */ = {isa = PBXBuildFile; fileRef = 65F49A8D1A7B88CE00AC5AB4 /* b2.png */; };
		65F49A941A7B88CE00AC5AB4 /* b3.png in Resources */ = {isa = PBXBuildFile; fileRef = 65F49A8E1A7B88CE00AC5AB4 /* b3.png */; };
		65F49A951A7B88CE00AC5AB4 /* b4.png in Resources */ = {isa = PBXBuildFile; fileRef = 65F49A8F1A7B88CE00AC5AB4 /* b4.png */; };
		65F49A961A7B88CE00AC5AB4 /* lineb.png in Resources */ = {isa = PBXBuildFile; fileRef = 65F49A901A7B88CE00AC5AB4 /* lineb.png */; };
		65F49A971A7B88CE00AC5AB4 /* line0.png in Resources */ = {isa = PBXBuildFile; fileRef = 65F49A911A7B88CE00AC5AB4 /* line0.png */; };
		65F49ACC1A7BA30200AC5AB4 /* AnimitionLogo.m in Sources */ = {isa = PBXBuildFile; fileRef = 65F49ACB1A7BA30200AC5AB4 /* AnimitionLogo.m */; };
		65F49B391A7BB40F00AC5AB4 /* logo00.png in Resources */ = {isa = PBXBuildFile; fileRef = 65F49B191A7BB40F00AC5AB4 /* logo00.png */; };
		65F49B3A1A7BB40F00AC5AB4 /* logo01.png in Resources */ = {isa = PBXBuildFile; fileRef = 65F49B1A1A7BB40F00AC5AB4 /* logo01.png */; };
		65F49B3B1A7BB40F00AC5AB4 /* logo02.png in Resources */ = {isa = PBXBuildFile; fileRef = 65F49B1B1A7BB40F00AC5AB4 /* logo02.png */; };
		65F49B3C1A7BB40F00AC5AB4 /* logo03.png in Resources */ = {isa = PBXBuildFile; fileRef = 65F49B1C1A7BB40F00AC5AB4 /* logo03.png */; };
		65F49B3D1A7BB40F00AC5AB4 /* logo04.png in Resources */ = {isa = PBXBuildFile; fileRef = 65F49B1D1A7BB40F00AC5AB4 /* logo04.png */; };
		65F49B3E1A7BB40F00AC5AB4 /* logo05.png in Resources */ = {isa = PBXBuildFile; fileRef = 65F49B1E1A7BB40F00AC5AB4 /* logo05.png */; };
		65F49B3F1A7BB40F00AC5AB4 /* logo06.png in Resources */ = {isa = PBXBuildFile; fileRef = 65F49B1F1A7BB40F00AC5AB4 /* logo06.png */; };
		65F49B401A7BB40F00AC5AB4 /* logo07.png in Resources */ = {isa = PBXBuildFile; fileRef = 65F49B201A7BB40F00AC5AB4 /* logo07.png */; };
		65F49B411A7BB40F00AC5AB4 /* logo08.png in Resources */ = {isa = PBXBuildFile; fileRef = 65F49B211A7BB40F00AC5AB4 /* logo08.png */; };
		65F49B421A7BB40F00AC5AB4 /* logo09.png in Resources */ = {isa = PBXBuildFile; fileRef = 65F49B221A7BB40F00AC5AB4 /* logo09.png */; };
		65F49B431A7BB40F00AC5AB4 /* logo10.png in Resources */ = {isa = PBXBuildFile; fileRef = 65F49B231A7BB40F00AC5AB4 /* logo10.png */; };
		65F49B441A7BB40F00AC5AB4 /* logo11.png in Resources */ = {isa = PBXBuildFile; fileRef = 65F49B241A7BB40F00AC5AB4 /* logo11.png */; };
		65F49B451A7BB40F00AC5AB4 /* logo12.png in Resources */ = {isa = PBXBuildFile; fileRef = 65F49B251A7BB40F00AC5AB4 /* logo12.png */; };
		65F49B461A7BB40F00AC5AB4 /* logo13.png in Resources */ = {isa = PBXBuildFile; fileRef = 65F49B261A7BB40F00AC5AB4 /* logo13.png */; };
		65F49B471A7BB40F00AC5AB4 /* logo14.png in Resources */ = {isa = PBXBuildFile; fileRef = 65F49B271A7BB40F00AC5AB4 /* logo14.png */; };
		65F49B481A7BB40F00AC5AB4 /* logo15.png in Resources */ = {isa = PBXBuildFile; fileRef = 65F49B281A7BB40F00AC5AB4 /* logo15.png */; };
		65F49B491A7BB40F00AC5AB4 /* logo16.png in Resources */ = {isa = PBXBuildFile; fileRef = 65F49B291A7BB40F00AC5AB4 /* logo16.png */; };
		65F49B4A1A7BB40F00AC5AB4 /* logo17.png in Resources */ = {isa = PBXBuildFile; fileRef = 65F49B2A1A7BB40F00AC5AB4 /* logo17.png */; };
		65F49B4B1A7BB40F00AC5AB4 /* logo18.png in Resources */ = {isa = PBXBuildFile; fileRef = 65F49B2B1A7BB40F00AC5AB4 /* logo18.png */; };
		65F49B4C1A7BB40F00AC5AB4 /* logo19.png in Resources */ = {isa = PBXBuildFile; fileRef = 65F49B2C1A7BB40F00AC5AB4 /* logo19.png */; };
		65F49B4D1A7BB40F00AC5AB4 /* logo20.png in Resources */ = {isa = PBXBuildFile; fileRef = 65F49B2D1A7BB40F00AC5AB4 /* logo20.png */; };
		65F49B4E1A7BB40F00AC5AB4 /* logo21.png in Resources */ = {isa = PBXBuildFile; fileRef = 65F49B2E1A7BB40F00AC5AB4 /* logo21.png */; };
		65F49B4F1A7BB40F00AC5AB4 /* logo22.png in Resources */ = {isa = PBXBuildFile; fileRef = 65F49B2F1A7BB40F00AC5AB4 /* logo22.png */; };
		65F49B501A7BB40F00AC5AB4 /* logo23.png in Resources */ = {isa = PBXBuildFile; fileRef = 65F49B301A7BB40F00AC5AB4 /* logo23.png */; };
		65F49B511A7BB40F00AC5AB4 /* logo24.png in Resources */ = {isa = PBXBuildFile; fileRef = 65F49B311A7BB40F00AC5AB4 /* logo24.png */; };
		65F49B521A7BB40F00AC5AB4 /* logo25.png in Resources */ = {isa = PBXBuildFile; fileRef = 65F49B321A7BB40F00AC5AB4 /* logo25.png */; };
		65F49B531A7BB40F00AC5AB4 /* logo26.png in Resources */ = {isa = PBXBuildFile; fileRef = 65F49B331A7BB40F00AC5AB4 /* logo26.png */; };
		65F49B541A7BB40F00AC5AB4 /* logo27.png in Resources */ = {isa = PBXBuildFile; fileRef = 65F49B341A7BB40F00AC5AB4 /* logo27.png */; };
		65F49B551A7BB40F00AC5AB4 /* logo28.png in Resources */ = {isa = PBXBuildFile; fileRef = 65F49B351A7BB40F00AC5AB4 /* logo28.png */; };
		65F49B561A7BB40F00AC5AB4 /* logo29.png in Resources */ = {isa = PBXBuildFile; fileRef = 65F49B361A7BB40F00AC5AB4 /* logo29.png */; };
		65F49B571A7BB40F00AC5AB4 /* logo30.png in Resources */ = {isa = PBXBuildFile; fileRef = 65F49B371A7BB40F00AC5AB4 /* logo30.png */; };
		65F49B581A7BB40F00AC5AB4 /* logo31.png in Resources */ = {isa = PBXBuildFile; fileRef = 65F49B381A7BB40F00AC5AB4 /* logo31.png */; };
		65F49B5A1A7BD29D00AC5AB4 /* Cover_Bg.png in Resources */ = {isa = PBXBuildFile; fileRef = 65F49B591A7BD29D00AC5AB4 /* Cover_Bg.png */; };
		65F49B5C1A7BD53200AC5AB4 /* gym.png in Resources */ = {isa = PBXBuildFile; fileRef = 65F49B5B1A7BD53200AC5AB4 /* gym.png */; };
/* End PBXBuildFile section */

/* Begin PBXContainerItemProxy section */
		65506C951A6E4AFE00D1862C /* PBXContainerItemProxy */ = {
			isa = PBXContainerItemProxy;
			containerPortal = 65506C731A6E4AFE00D1862C /* Project object */;
			proxyType = 1;
			remoteGlobalIDString = 65506C7A1A6E4AFE00D1862C;
			remoteInfo = FeedBack;
		};
/* End PBXContainerItemProxy section */

/* Begin PBXFileReference section */
		65506C7B1A6E4AFE00D1862C /* FeedBack.app */ = {isa = PBXFileReference; explicitFileType = wrapper.application; includeInIndex = 0; path = FeedBack.app; sourceTree = BUILT_PRODUCTS_DIR; };
		65506C7F1A6E4AFE00D1862C /* Info.plist */ = {isa = PBXFileReference; lastKnownFileType = text.plist.xml; path = Info.plist; sourceTree = "<group>"; };
		65506C801A6E4AFE00D1862C /* main.m */ = {isa = PBXFileReference; lastKnownFileType = sourcecode.c.objc; path = main.m; sourceTree = "<group>"; };
		65506C821A6E4AFE00D1862C /* AppDelegate.h */ = {isa = PBXFileReference; lastKnownFileType = sourcecode.c.h; path = AppDelegate.h; sourceTree = "<group>"; };
		65506C831A6E4AFE00D1862C /* AppDelegate.m */ = {isa = PBXFileReference; lastKnownFileType = sourcecode.c.objc; path = AppDelegate.m; sourceTree = "<group>"; };
		65506C851A6E4AFE00D1862C /* ViewController.h */ = {isa = PBXFileReference; lastKnownFileType = sourcecode.c.h; path = ViewController.h; sourceTree = "<group>"; };
		65506C861A6E4AFE00D1862C /* ViewController.m */ = {isa = PBXFileReference; lastKnownFileType = sourcecode.c.objc; path = ViewController.m; sourceTree = "<group>"; };
		65506C891A6E4AFE00D1862C /* Base */ = {isa = PBXFileReference; lastKnownFileType = file.storyboard; name = Base; path = Base.lproj/Main.storyboard; sourceTree = "<group>"; };
		65506C8B1A6E4AFE00D1862C /* Images.xcassets */ = {isa = PBXFileReference; lastKnownFileType = folder.assetcatalog; path = Images.xcassets; sourceTree = "<group>"; };
		65506C8E1A6E4AFE00D1862C /* Base */ = {isa = PBXFileReference; lastKnownFileType = file.xib; name = Base; path = Base.lproj/LaunchScreen.xib; sourceTree = "<group>"; };
		65506C941A6E4AFE00D1862C /* FeedBackTests.xctest */ = {isa = PBXFileReference; explicitFileType = wrapper.cfbundle; includeInIndex = 0; path = FeedBackTests.xctest; sourceTree = BUILT_PRODUCTS_DIR; };
		65506C991A6E4AFE00D1862C /* Info.plist */ = {isa = PBXFileReference; lastKnownFileType = text.plist.xml; path = Info.plist; sourceTree = "<group>"; };
		65506C9A1A6E4AFE00D1862C /* FeedBackTests.m */ = {isa = PBXFileReference; lastKnownFileType = sourcecode.c.objc; path = FeedBackTests.m; sourceTree = "<group>"; };
		65506CA41A6E4B6500D1862C /* sliderDefine.h */ = {isa = PBXFileReference; lastKnownFileType = sourcecode.c.h; path = sliderDefine.h; sourceTree = "<group>"; };
		65506CA51A6E4B8500D1862C /* sliderDefine.m */ = {isa = PBXFileReference; fileEncoding = 4; lastKnownFileType = sourcecode.c.objc; path = sliderDefine.m; sourceTree = "<group>"; };
		65506CA71A6E4CBE00D1862C /* RatePage.h */ = {isa = PBXFileReference; fileEncoding = 4; lastKnownFileType = sourcecode.c.h; path = RatePage.h; sourceTree = "<group>"; };
		65506CA81A6E4CBE00D1862C /* RatePage.m */ = {isa = PBXFileReference; fileEncoding = 4; lastKnownFileType = sourcecode.c.objc; path = RatePage.m; sourceTree = "<group>"; };
		65F49A8C1A7B88CE00AC5AB4 /* b1.png */ = {isa = PBXFileReference; lastKnownFileType = image.png; name = b1.png; path = Images.xcassets/Ratepage.Resource/b1.png; sourceTree = "<group>"; };
		65F49A8D1A7B88CE00AC5AB4 /* b2.png */ = {isa = PBXFileReference; lastKnownFileType = image.png; name = b2.png; path = Images.xcassets/Ratepage.Resource/b2.png; sourceTree = "<group>"; };
		65F49A8E1A7B88CE00AC5AB4 /* b3.png */ = {isa = PBXFileReference; lastKnownFileType = image.png; name = b3.png; path = Images.xcassets/Ratepage.Resource/b3.png; sourceTree = "<group>"; };
		65F49A8F1A7B88CE00AC5AB4 /* b4.png */ = {isa = PBXFileReference; lastKnownFileType = image.png; name = b4.png; path = Images.xcassets/Ratepage.Resource/b4.png; sourceTree = "<group>"; };
		65F49A901A7B88CE00AC5AB4 /* lineb.png */ = {isa = PBXFileReference; lastKnownFileType = image.png; name = lineb.png; path = Images.xcassets/Ratepage.Resource/lineb.png; sourceTree = "<group>"; };
		65F49A911A7B88CE00AC5AB4 /* line0.png */ = {isa = PBXFileReference; lastKnownFileType = image.png; name = line0.png; path = Images.xcassets/Ratepage.Resource/line0.png; sourceTree = "<group>"; };
		65F49ACA1A7BA2E600AC5AB4 /* AnimitionLogo.h */ = {isa = PBXFileReference; lastKnownFileType = sourcecode.c.h; path = AnimitionLogo.h; sourceTree = "<group>"; };
		65F49ACB1A7BA30200AC5AB4 /* AnimitionLogo.m */ = {isa = PBXFileReference; fileEncoding = 4; lastKnownFileType = sourcecode.c.objc; path = AnimitionLogo.m; sourceTree = "<group>"; };
		65F49B191A7BB40F00AC5AB4 /* logo00.png */ = {isa = PBXFileReference; lastKnownFileType = image.png; name = logo00.png; path = Images.xcassets/Feedback.Logo/logo00.png; sourceTree = "<group>"; };
		65F49B1A1A7BB40F00AC5AB4 /* logo01.png */ = {isa = PBXFileReference; lastKnownFileType = image.png; name = logo01.png; path = Images.xcassets/Feedback.Logo/logo01.png; sourceTree = "<group>"; };
		65F49B1B1A7BB40F00AC5AB4 /* logo02.png */ = {isa = PBXFileReference; lastKnownFileType = image.png; name = logo02.png; path = Images.xcassets/Feedback.Logo/logo02.png; sourceTree = "<group>"; };
		65F49B1C1A7BB40F00AC5AB4 /* logo03.png */ = {isa = PBXFileReference; lastKnownFileType = image.png; name = logo03.png; path = Images.xcassets/Feedback.Logo/logo03.png; sourceTree = "<group>"; };
		65F49B1D1A7BB40F00AC5AB4 /* logo04.png */ = {isa = PBXFileReference; lastKnownFileType = image.png; name = logo04.png; path = Images.xcassets/Feedback.Logo/logo04.png; sourceTree = "<group>"; };
		65F49B1E1A7BB40F00AC5AB4 /* logo05.png */ = {isa = PBXFileReference; lastKnownFileType = image.png; name = logo05.png; path = Images.xcassets/Feedback.Logo/logo05.png; sourceTree = "<group>"; };
		65F49B1F1A7BB40F00AC5AB4 /* logo06.png */ = {isa = PBXFileReference; lastKnownFileType = image.png; name = logo06.png; path = Images.xcassets/Feedback.Logo/logo06.png; sourceTree = "<group>"; };
		65F49B201A7BB40F00AC5AB4 /* logo07.png */ = {isa = PBXFileReference; lastKnownFileType = image.png; name = logo07.png; path = Images.xcassets/Feedback.Logo/logo07.png; sourceTree = "<group>"; };
		65F49B211A7BB40F00AC5AB4 /* logo08.png */ = {isa = PBXFileReference; lastKnownFileType = image.png; name = logo08.png; path = Images.xcassets/Feedback.Logo/logo08.png; sourceTree = "<group>"; };
		65F49B221A7BB40F00AC5AB4 /* logo09.png */ = {isa = PBXFileReference; lastKnownFileType = image.png; name = logo09.png; path = Images.xcassets/Feedback.Logo/logo09.png; sourceTree = "<group>"; };
		65F49B231A7BB40F00AC5AB4 /* logo10.png */ = {isa = PBXFileReference; lastKnownFileType = image.png; name = logo10.png; path = Images.xcassets/Feedback.Logo/logo10.png; sourceTree = "<group>"; };
		65F49B241A7BB40F00AC5AB4 /* logo11.png */ = {isa = PBXFileReference; lastKnownFileType = image.png; name = logo11.png; path = Images.xcassets/Feedback.Logo/logo11.png; sourceTree = "<group>"; };
		65F49B251A7BB40F00AC5AB4 /* logo12.png */ = {isa = PBXFileReference; lastKnownFileType = image.png; name = logo12.png; path = Images.xcassets/Feedback.Logo/logo12.png; sourceTree = "<group>"; };
		65F49B261A7BB40F00AC5AB4 /* logo13.png */ = {isa = PBXFileReference; lastKnownFileType = image.png; name = logo13.png; path = Images.xcassets/Feedback.Logo/logo13.png; sourceTree = "<group>"; };
		65F49B271A7BB40F00AC5AB4 /* logo14.png */ = {isa = PBXFileReference; lastKnownFileType = image.png; name = logo14.png; path = Images.xcassets/Feedback.Logo/logo14.png; sourceTree = "<group>"; };
		65F49B281A7BB40F00AC5AB4 /* logo15.png */ = {isa = PBXFileReference; lastKnownFileType = image.png; name = logo15.png; path = Images.xcassets/Feedback.Logo/logo15.png; sourceTree = "<group>"; };
		65F49B291A7BB40F00AC5AB4 /* logo16.png */ = {isa = PBXFileReference; lastKnownFileType = image.png; name = logo16.png; path = Images.xcassets/Feedback.Logo/logo16.png; sourceTree = "<group>"; };
		65F49B2A1A7BB40F00AC5AB4 /* logo17.png */ = {isa = PBXFileReference; lastKnownFileType = image.png; name = logo17.png; path = Images.xcassets/Feedback.Logo/logo17.png; sourceTree = "<group>"; };
		65F49B2B1A7BB40F00AC5AB4 /* logo18.png */ = {isa = PBXFileReference; lastKnownFileType = image.png; name = logo18.png; path = Images.xcassets/Feedback.Logo/logo18.png; sourceTree = "<group>"; };
		65F49B2C1A7BB40F00AC5AB4 /* logo19.png */ = {isa = PBXFileReference; lastKnownFileType = image.png; name = logo19.png; path = Images.xcassets/Feedback.Logo/logo19.png; sourceTree = "<group>"; };
		65F49B2D1A7BB40F00AC5AB4 /* logo20.png */ = {isa = PBXFileReference; lastKnownFileType = image.png; name = logo20.png; path = Images.xcassets/Feedback.Logo/logo20.png; sourceTree = "<group>"; };
		65F49B2E1A7BB40F00AC5AB4 /* logo21.png */ = {isa = PBXFileReference; lastKnownFileType = image.png; name = logo21.png; path = Images.xcassets/Feedback.Logo/logo21.png; sourceTree = "<group>"; };
		65F49B2F1A7BB40F00AC5AB4 /* logo22.png */ = {isa = PBXFileReference; lastKnownFileType = image.png; name = logo22.png; path = Images.xcassets/Feedback.Logo/logo22.png; sourceTree = "<group>"; };
		65F49B301A7BB40F00AC5AB4 /* logo23.png */ = {isa = PBXFileReference; lastKnownFileType = image.png; name = logo23.png; path = Images.xcassets/Feedback.Logo/logo23.png; sourceTree = "<group>"; };
		65F49B311A7BB40F00AC5AB4 /* logo24.png */ = {isa = PBXFileReference; lastKnownFileType = image.png; name = logo24.png; path = Images.xcassets/Feedback.Logo/logo24.png; sourceTree = "<group>"; };
		65F49B321A7BB40F00AC5AB4 /* logo25.png */ = {isa = PBXFileReference; lastKnownFileType = image.png; name = logo25.png; path = Images.xcassets/Feedback.Logo/logo25.png; sourceTree = "<group>"; };
		65F49B331A7BB40F00AC5AB4 /* logo26.png */ = {isa = PBXFileReference; lastKnownFileType = image.png; name = logo26.png; path = Images.xcassets/Feedback.Logo/logo26.png; sourceTree = "<group>"; };
		65F49B341A7BB40F00AC5AB4 /* logo27.png */ = {isa = PBXFileReference; lastKnownFileType = image.png; name = logo27.png; path = Images.xcassets/Feedback.Logo/logo27.png; sourceTree = "<group>"; };
		65F49B351A7BB40F00AC5AB4 /* logo28.png */ = {isa = PBXFileReference; lastKnownFileType = image.png; name = logo28.png; path = Images.xcassets/Feedback.Logo/logo28.png; sourceTree = "<group>"; };
		65F49B361A7BB40F00AC5AB4 /* logo29.png */ = {isa = PBXFileReference; lastKnownFileType = image.png; name = logo29.png; path = Images.xcassets/Feedback.Logo/logo29.png; sourceTree = "<group>"; };
		65F49B371A7BB40F00AC5AB4 /* logo30.png */ = {isa = PBXFileReference; lastKnownFileType = image.png; name = logo30.png; path = Images.xcassets/Feedback.Logo/logo30.png; sourceTree = "<group>"; };
		65F49B381A7BB40F00AC5AB4 /* logo31.png */ = {isa = PBXFileReference; lastKnownFileType = image.png; name = logo31.png; path = Images.xcassets/Feedback.Logo/logo31.png; sourceTree = "<group>"; };
		65F49B591A7BD29D00AC5AB4 /* Cover_Bg.png */ = {isa = PBXFileReference; lastKnownFileType = image.png; name = Cover_Bg.png; path = Images.xcassets/FrontPage.Resource/Cover_Bg.png; sourceTree = "<group>"; };
		65F49B5B1A7BD53200AC5AB4 /* gym.png */ = {isa = PBXFileReference; lastKnownFileType = image.png; name = gym.png; path = Images.xcassets/FrontPage.Resource/gym.png; sourceTree = "<group>"; };
		65F49B5D1A7BDFD100AC5AB4 /* Afx.h */ = {isa = PBXFileReference; lastKnownFileType = sourcecode.c.h; path = Afx.h; sourceTree = "<group>"; };
/* End PBXFileReference section */

/* Begin PBXFrameworksBuildPhase section */
		65506C781A6E4AFE00D1862C /* Frameworks */ = {
			isa = PBXFrameworksBuildPhase;
			buildActionMask = 2147483647;
			files = (
			);
			runOnlyForDeploymentPostprocessing = 0;
		};
		65506C911A6E4AFE00D1862C /* Frameworks */ = {
			isa = PBXFrameworksBuildPhase;
			buildActionMask = 2147483647;
			files = (
			);
			runOnlyForDeploymentPostprocessing = 0;
		};
/* End PBXFrameworksBuildPhase section */

/* Begin PBXGroup section */
		65506C721A6E4AFE00D1862C = {
			isa = PBXGroup;
			children = (
				65506C7D1A6E4AFE00D1862C /* FeedBack */,
				65506C971A6E4AFE00D1862C /* FeedBackTests */,
				65506C7C1A6E4AFE00D1862C /* Products */,
			);
			sourceTree = "<group>";
		};
		65506C7C1A6E4AFE00D1862C /* Products */ = {
			isa = PBXGroup;
			children = (
				65506C7B1A6E4AFE00D1862C /* FeedBack.app */,
				65506C941A6E4AFE00D1862C /* FeedBackTests.xctest */,
			);
			name = Products;
			sourceTree = "<group>";
		};
		65506C7D1A6E4AFE00D1862C /* FeedBack */ = {
			isa = PBXGroup;
			children = (
				65F49B5D1A7BDFD100AC5AB4 /* Afx.h */,
				65506C821A6E4AFE00D1862C /* AppDelegate.h */,
				65506C831A6E4AFE00D1862C /* AppDelegate.m */,
				65506CA71A6E4CBE00D1862C /* RatePage.h */,
				65506CA81A6E4CBE00D1862C /* RatePage.m */,
				65F49ACA1A7BA2E600AC5AB4 /* AnimitionLogo.h */,
				65F49ACB1A7BA30200AC5AB4 /* AnimitionLogo.m */,
				65506CA41A6E4B6500D1862C /* sliderDefine.h */,
				65506CA51A6E4B8500D1862C /* sliderDefine.m */,
				65506C851A6E4AFE00D1862C /* ViewController.h */,
				65506C861A6E4AFE00D1862C /* ViewController.m */,
				65506C881A6E4AFE00D1862C /* Main.storyboard */,
				65506C8B1A6E4AFE00D1862C /* Images.xcassets */,
				65506C8D1A6E4AFE00D1862C /* LaunchScreen.xib */,
				65F49B5B1A7BD53200AC5AB4 /* gym.png */,
				65F49B591A7BD29D00AC5AB4 /* Cover_Bg.png */,
				65F49A8C1A7B88CE00AC5AB4 /* b1.png */,
				65F49A8D1A7B88CE00AC5AB4 /* b2.png */,
				65F49A8E1A7B88CE00AC5AB4 /* b3.png */,
				65F49A8F1A7B88CE00AC5AB4 /* b4.png */,
				65F49A901A7B88CE00AC5AB4 /* lineb.png */,
				65F49A911A7B88CE00AC5AB4 /* line0.png */,
				65F49B191A7BB40F00AC5AB4 /* logo00.png */,
				65F49B1A1A7BB40F00AC5AB4 /* logo01.png */,
				65F49B1B1A7BB40F00AC5AB4 /* logo02.png */,
				65F49B1C1A7BB40F00AC5AB4 /* logo03.png */,
				65F49B1D1A7BB40F00AC5AB4 /* logo04.png */,
				65F49B1E1A7BB40F00AC5AB4 /* logo05.png */,
				65F49B1F1A7BB40F00AC5AB4 /* logo06.png */,
				65F49B201A7BB40F00AC5AB4 /* logo07.png */,
				65F49B211A7BB40F00AC5AB4 /* logo08.png */,
				65F49B221A7BB40F00AC5AB4 /* logo09.png */,
				65F49B231A7BB40F00AC5AB4 /* logo10.png */,
				65F49B241A7BB40F00AC5AB4 /* logo11.png */,
				65F49B251A7BB40F00AC5AB4 /* logo12.png */,
				65F49B261A7BB40F00AC5AB4 /* logo13.png */,
				65F49B271A7BB40F00AC5AB4 /* logo14.png */,
				65F49B281A7BB40F00AC5AB4 /* logo15.png */,
				65F49B291A7BB40F00AC5AB4 /* logo16.png */,
				65F49B2A1A7BB40F00AC5AB4 /* logo17.png */,
				65F49B2B1A7BB40F00AC5AB4 /* logo18.png */,
				65F49B2C1A7BB40F00AC5AB4 /* logo19.png */,
				65F49B2D1A7BB40F00AC5AB4 /* logo20.png */,
				65F49B2E1A7BB40F00AC5AB4 /* logo21.png */,
				65F49B2F1A7BB40F00AC5AB4 /* logo22.png */,
				65F49B301A7BB40F00AC5AB4 /* logo23.png */,
				65F49B311A7BB40F00AC5AB4 /* logo24.png */,
				65F49B321A7BB40F00AC5AB4 /* logo25.png */,
				65F49B331A7BB40F00AC5AB4 /* logo26.png */,
				65F49B341A7BB40F00AC5AB4 /* logo27.png */,
				65F49B351A7BB40F00AC5AB4 /* logo28.png */,
				65F49B361A7BB40F00AC5AB4 /* logo29.png */,
				65F49B371A7BB40F00AC5AB4 /* logo30.png */,
				65F49B381A7BB40F00AC5AB4 /* logo31.png */,
				65506C7E1A6E4AFE00D1862C /* Supporting Files */,
			);
			path = FeedBack;
			sourceTree = "<group>";
		};
		65506C7E1A6E4AFE00D1862C /* Supporting Files */ = {
			isa = PBXGroup;
			children = (
				65506C7F1A6E4AFE00D1862C /* Info.plist */,
				65506C801A6E4AFE00D1862C /* main.m */,
			);
			name = "Supporting Files";
			sourceTree = "<group>";
		};
		65506C971A6E4AFE00D1862C /* FeedBackTests */ = {
			isa = PBXGroup;
			children = (
				65506C9A1A6E4AFE00D1862C /* FeedBackTests.m */,
				65506C981A6E4AFE00D1862C /* Supporting Files */,
			);
			path = FeedBackTests;
			sourceTree = "<group>";
		};
		65506C981A6E4AFE00D1862C /* Supporting Files */ = {
			isa = PBXGroup;
			children = (
				65506C991A6E4AFE00D1862C /* Info.plist */,
			);
			name = "Supporting Files";
			sourceTree = "<group>";
		};
/* End PBXGroup section */

/* Begin PBXNativeTarget section */
		65506C7A1A6E4AFE00D1862C /* FeedBack */ = {
			isa = PBXNativeTarget;
			buildConfigurationList = 65506C9E1A6E4AFE00D1862C /* Build configuration list for PBXNativeTarget "FeedBack" */;
			buildPhases = (
				65506C771A6E4AFE00D1862C /* Sources */,
				65506C781A6E4AFE00D1862C /* Frameworks */,
				65506C791A6E4AFE00D1862C /* Resources */,
			);
			buildRules = (
			);
			dependencies = (
			);
			name = FeedBack;
			productName = FeedBack;
			productReference = 65506C7B1A6E4AFE00D1862C /* FeedBack.app */;
			productType = "com.apple.product-type.application";
		};
		65506C931A6E4AFE00D1862C /* FeedBackTests */ = {
			isa = PBXNativeTarget;
			buildConfigurationList = 65506CA11A6E4AFE00D1862C /* Build configuration list for PBXNativeTarget "FeedBackTests" */;
			buildPhases = (
				65506C901A6E4AFE00D1862C /* Sources */,
				65506C911A6E4AFE00D1862C /* Frameworks */,
				65506C921A6E4AFE00D1862C /* Resources */,
			);
			buildRules = (
			);
			dependencies = (
				65506C961A6E4AFE00D1862C /* PBXTargetDependency */,
			);
			name = FeedBackTests;
			productName = FeedBackTests;
			productReference = 65506C941A6E4AFE00D1862C /* FeedBackTests.xctest */;
			productType = "com.apple.product-type.bundle.unit-test";
		};
/* End PBXNativeTarget section */

/* Begin PBXProject section */
		65506C731A6E4AFE00D1862C /* Project object */ = {
			isa = PBXProject;
			attributes = {
				LastUpgradeCheck = 0610;
				ORGANIZATIONNAME = rookie;
				TargetAttributes = {
					65506C7A1A6E4AFE00D1862C = {
						CreatedOnToolsVersion = 6.1.1;
					};
					65506C931A6E4AFE00D1862C = {
						CreatedOnToolsVersion = 6.1.1;
						TestTargetID = 65506C7A1A6E4AFE00D1862C;
					};
				};
			};
			buildConfigurationList = 65506C761A6E4AFE00D1862C /* Build configuration list for PBXProject "FeedBack" */;
			compatibilityVersion = "Xcode 3.2";
			developmentRegion = English;
			hasScannedForEncodings = 0;
			knownRegions = (
				en,
				Base,
			);
			mainGroup = 65506C721A6E4AFE00D1862C;
			productRefGroup = 65506C7C1A6E4AFE00D1862C /* Products */;
			projectDirPath = "";
			projectRoot = "";
			targets = (
				65506C7A1A6E4AFE00D1862C /* FeedBack */,
				65506C931A6E4AFE00D1862C /* FeedBackTests */,
			);
		};
/* End PBXProject section */

/* Begin PBXResourcesBuildPhase section */
		65506C791A6E4AFE00D1862C /* Resources */ = {
			isa = PBXResourcesBuildPhase;
			buildActionMask = 2147483647;
			files = (
				65F49B5C1A7BD53200AC5AB4 /* gym.png in Resources */,
				65F49B551A7BB40F00AC5AB4 /* logo28.png in Resources */,
				65F49B581A7BB40F00AC5AB4 /* logo31.png in Resources */,
				65F49B501A7BB40F00AC5AB4 /* logo23.png in Resources */,
				65F49B421A7BB40F00AC5AB4 /* logo09.png in Resources */,
				65F49B4A1A7BB40F00AC5AB4 /* logo17.png in Resources */,
				65F49B3D1A7BB40F00AC5AB4 /* logo04.png in Resources */,
				65F49B5A1A7BD29D00AC5AB4 /* Cover_Bg.png in Resources */,
				65F49A941A7B88CE00AC5AB4 /* b3.png in Resources */,
				65F49B451A7BB40F00AC5AB4 /* logo12.png in Resources */,
				65F49B3E1A7BB40F00AC5AB4 /* logo05.png in Resources */,
				65F49A971A7B88CE00AC5AB4 /* line0.png in Resources */,
				65F49B3F1A7BB40F00AC5AB4 /* logo06.png in Resources */,
				65F49B481A7BB40F00AC5AB4 /* logo15.png in Resources */,
				65F49B391A7BB40F00AC5AB4 /* logo00.png in Resources */,
				65F49B561A7BB40F00AC5AB4 /* logo29.png in Resources */,
				65F49B431A7BB40F00AC5AB4 /* logo10.png in Resources */,
				65F49B541A7BB40F00AC5AB4 /* logo27.png in Resources */,
				65F49A931A7B88CE00AC5AB4 /* b2.png in Resources */,
				65F49B4D1A7BB40F00AC5AB4 /* logo20.png in Resources */,
				65F49B571A7BB40F00AC5AB4 /* logo30.png in Resources */,
				65F49A921A7B88CE00AC5AB4 /* b1.png in Resources */,
				65F49B411A7BB40F00AC5AB4 /* logo08.png in Resources */,
				65F49A951A7B88CE00AC5AB4 /* b4.png in Resources */,
				65F49B521A7BB40F00AC5AB4 /* logo25.png in Resources */,
				65F49B3A1A7BB40F00AC5AB4 /* logo01.png in Resources */,
				65F49B4C1A7BB40F00AC5AB4 /* logo19.png in Resources */,
				65F49B4F1A7BB40F00AC5AB4 /* logo22.png in Resources */,
				65F49B461A7BB40F00AC5AB4 /* logo13.png in Resources */,
				65F49A961A7B88CE00AC5AB4 /* lineb.png in Resources */,
				65F49B4E1A7BB40F00AC5AB4 /* logo21.png in Resources */,
				65F49B3B1A7BB40F00AC5AB4 /* logo02.png in Resources */,
				65F49B4B1A7BB40F00AC5AB4 /* logo18.png in Resources */,
				65506C8A1A6E4AFE00D1862C /* Main.storyboard in Resources */,
				65506C8F1A6E4AFE00D1862C /* LaunchScreen.xib in Resources */,
				65F49B471A7BB40F00AC5AB4 /* logo14.png in Resources */,
				65F49B511A7BB40F00AC5AB4 /* logo24.png in Resources */,
				65F49B531A7BB40F00AC5AB4 /* logo26.png in Resources */,
				65506C8C1A6E4AFE00D1862C /* Images.xcassets in Resources */,
				65F49B3C1A7BB40F00AC5AB4 /* logo03.png in Resources */,
				65F49B441A7BB40F00AC5AB4 /* logo11.png in Resources */,
				65F49B401A7BB40F00AC5AB4 /* logo07.png in Resources */,
				65F49B491A7BB40F00AC5AB4 /* logo16.png in Resources */,
			);
			runOnlyForDeploymentPostprocessing = 0;
		};
		65506C921A6E4AFE00D1862C /* Resources */ = {
			isa = PBXResourcesBuildPhase;
			buildActionMask = 2147483647;
			files = (
			);
			runOnlyForDeploymentPostprocessing = 0;
		};
/* End PBXResourcesBuildPhase section */

/* Begin PBXSourcesBuildPhase section */
		65506C771A6E4AFE00D1862C /* Sources */ = {
			isa = PBXSourcesBuildPhase;
			buildActionMask = 2147483647;
			files = (
				65506C871A6E4AFE00D1862C /* ViewController.m in Sources */,
				65F49ACC1A7BA30200AC5AB4 /* AnimitionLogo.m in Sources */,
				65506C841A6E4AFE00D1862C /* AppDelegate.m in Sources */,
				65506C811A6E4AFE00D1862C /* main.m in Sources */,
				65506CA91A6E4CBE00D1862C /* RatePage.m in Sources */,
				65506CA61A6E4B8500D1862C /* sliderDefine.m in Sources */,
			);
			runOnlyForDeploymentPostprocessing = 0;
		};
		65506C901A6E4AFE00D1862C /* Sources */ = {
			isa = PBXSourcesBuildPhase;
			buildActionMask = 2147483647;
			files = (
				65506C9B1A6E4AFE00D1862C /* FeedBackTests.m in Sources */,
			);
			runOnlyForDeploymentPostprocessing = 0;
		};
/* End PBXSourcesBuildPhase section */

/* Begin PBXTargetDependency section */
		65506C961A6E4AFE00D1862C /* PBXTargetDependency */ = {
			isa = PBXTargetDependency;
			target = 65506C7A1A6E4AFE00D1862C /* FeedBack */;
			targetProxy = 65506C951A6E4AFE00D1862C /* PBXContainerItemProxy */;
		};
/* End PBXTargetDependency section */

/* Begin PBXVariantGroup section */
		65506C881A6E4AFE00D1862C /* Main.storyboard */ = {
			isa = PBXVariantGroup;
			children = (
				65506C891A6E4AFE00D1862C /* Base */,
			);
			name = Main.storyboard;
			sourceTree = "<group>";
		};
		65506C8D1A6E4AFE00D1862C /* LaunchScreen.xib */ = {
			isa = PBXVariantGroup;
			children = (
				65506C8E1A6E4AFE00D1862C /* Base */,
			);
			name = LaunchScreen.xib;
			sourceTree = "<group>";
		};
/* End PBXVariantGroup section */

/* Begin XCBuildConfiguration section */
		65506C9C1A6E4AFE00D1862C /* Debug */ = {
			isa = XCBuildConfiguration;
			buildSettings = {
				ALWAYS_SEARCH_USER_PATHS = NO;
				CLANG_CXX_LANGUAGE_STANDARD = "gnu++0x";
				CLANG_CXX_LIBRARY = "libc++";
				CLANG_ENABLE_MODULES = YES;
				CLANG_ENABLE_OBJC_ARC = YES;
				CLANG_WARN_BOOL_CONVERSION = YES;
				CLANG_WARN_CONSTANT_CONVERSION = YES;
				CLANG_WARN_DIRECT_OBJC_ISA_USAGE = YES_ERROR;
				CLANG_WARN_EMPTY_BODY = YES;
				CLANG_WARN_ENUM_CONVERSION = YES;
				CLANG_WARN_INT_CONVERSION = YES;
				CLANG_WARN_OBJC_ROOT_CLASS = YES_ERROR;
				CLANG_WARN_UNREACHABLE_CODE = YES;
				CLANG_WARN__DUPLICATE_METHOD_MATCH = YES;
				"CODE_SIGN_IDENTITY[sdk=iphoneos*]" = "iPhone Developer";
				COPY_PHASE_STRIP = NO;
				ENABLE_STRICT_OBJC_MSGSEND = YES;
				GCC_C_LANGUAGE_STANDARD = gnu99;
				GCC_DYNAMIC_NO_PIC = NO;
				GCC_OPTIMIZATION_LEVEL = 0;
				GCC_PREPROCESSOR_DEFINITIONS = (
					"DEBUG=1",
					"$(inherited)",
				);
				GCC_SYMBOLS_PRIVATE_EXTERN = NO;
				GCC_WARN_64_TO_32_BIT_CONVERSION = YES;
				GCC_WARN_ABOUT_RETURN_TYPE = YES_ERROR;
				GCC_WARN_UNDECLARED_SELECTOR = YES;
				GCC_WARN_UNINITIALIZED_AUTOS = YES_AGGRESSIVE;
				GCC_WARN_UNUSED_FUNCTION = YES;
				GCC_WARN_UNUSED_VARIABLE = YES;
				IPHONEOS_DEPLOYMENT_TARGET = 8.1;
				MTL_ENABLE_DEBUG_INFO = YES;
				ONLY_ACTIVE_ARCH = YES;
				SDKROOT = iphoneos;
				TARGETED_DEVICE_FAMILY = 2;
			};
			name = Debug;
		};
		65506C9D1A6E4AFE00D1862C /* Release */ = {
			isa = XCBuildConfiguration;
			buildSettings = {
				ALWAYS_SEARCH_USER_PATHS = NO;
				CLANG_CXX_LANGUAGE_STANDARD = "gnu++0x";
				CLANG_CXX_LIBRARY = "libc++";
				CLANG_ENABLE_MODULES = YES;
				CLANG_ENABLE_OBJC_ARC = YES;
				CLANG_WARN_BOOL_CONVERSION = YES;
				CLANG_WARN_CONSTANT_CONVERSION = YES;
				CLANG_WARN_DIRECT_OBJC_ISA_USAGE = YES_ERROR;
				CLANG_WARN_EMPTY_BODY = YES;
				CLANG_WARN_ENUM_CONVERSION = YES;
				CLANG_WARN_INT_CONVERSION = YES;
				CLANG_WARN_OBJC_ROOT_CLASS = YES_ERROR;
				CLANG_WARN_UNREACHABLE_CODE = YES;
				CLANG_WARN__DUPLICATE_METHOD_MATCH = YES;
				"CODE_SIGN_IDENTITY[sdk=iphoneos*]" = "iPhone Developer";
				COPY_PHASE_STRIP = YES;
				ENABLE_NS_ASSERTIONS = NO;
				ENABLE_STRICT_OBJC_MSGSEND = YES;
				GCC_C_LANGUAGE_STANDARD = gnu99;
				GCC_WARN_64_TO_32_BIT_CONVERSION = YES;
				GCC_WARN_ABOUT_RETURN_TYPE = YES_ERROR;
				GCC_WARN_UNDECLARED_SELECTOR = YES;
				GCC_WARN_UNINITIALIZED_AUTOS = YES_AGGRESSIVE;
				GCC_WARN_UNUSED_FUNCTION = YES;
				GCC_WARN_UNUSED_VARIABLE = YES;
				IPHONEOS_DEPLOYMENT_TARGET = 8.1;
				MTL_ENABLE_DEBUG_INFO = NO;
				SDKROOT = iphoneos;
				TARGETED_DEVICE_FAMILY = 2;
				VALIDATE_PRODUCT = YES;
			};
			name = Release;
		};
		65506C9F1A6E4AFE00D1862C /* Debug */ = {
			isa = XCBuildConfiguration;
			buildSettings = {
				ASSETCATALOG_COMPILER_APPICON_NAME = AppIcon;
				INFOPLIST_FILE = FeedBack/Info.plist;
				IPHONEOS_DEPLOYMENT_TARGET = 7.0;
				LD_RUNPATH_SEARCH_PATHS = "$(inherited) @executable_path/Frameworks";
				PRODUCT_NAME = "$(TARGET_NAME)";
				TARGETED_DEVICE_FAMILY = 2;
			};
			name = Debug;
		};
		65506CA01A6E4AFE00D1862C /* Release */ = {
			isa = XCBuildConfiguration;
			buildSettings = {
				ASSETCATALOG_COMPILER_APPICON_NAME = AppIcon;
				INFOPLIST_FILE = FeedBack/Info.plist;
				IPHONEOS_DEPLOYMENT_TARGET = 7.0;
				LD_RUNPATH_SEARCH_PATHS = "$(inherited) @executable_path/Frameworks";
				PRODUCT_NAME = "$(TARGET_NAME)";
				TARGETED_DEVICE_FAMILY = 2;
			};
			name = Release;
		};
		65506CA21A6E4AFE00D1862C /* Debug */ = {
			isa = XCBuildConfiguration;
			buildSettings = {
				BUNDLE_LOADER = "$(TEST_HOST)";
				FRAMEWORK_SEARCH_PATHS = (
					"$(SDKROOT)/Developer/Library/Frameworks",
					"$(inherited)",
				);
				GCC_PREPROCESSOR_DEFINITIONS = (
					"DEBUG=1",
					"$(inherited)",
				);
				INFOPLIST_FILE = FeedBackTests/Info.plist;
				LD_RUNPATH_SEARCH_PATHS = "$(inherited) @executable_path/Frameworks @loader_path/Frameworks";
				PRODUCT_NAME = "$(TARGET_NAME)";
				TEST_HOST = "$(BUILT_PRODUCTS_DIR)/FeedBack.app/FeedBack";
			};
			name = Debug;
		};
		65506CA31A6E4AFE00D1862C /* Release */ = {
			isa = XCBuildConfiguration;
			buildSettings = {
				BUNDLE_LOADER = "$(TEST_HOST)";
				FRAMEWORK_SEARCH_PATHS = (
					"$(SDKROOT)/Developer/Library/Frameworks",
					"$(inherited)",
				);
				INFOPLIST_FILE = FeedBackTests/Info.plist;
				LD_RUNPATH_SEARCH_PATHS = "$(inherited) @executable_path/Frameworks @loader_path/Frameworks";
				PRODUCT_NAME = "$(TARGET_NAME)";
				TEST_HOST = "$(BUILT_PRODUCTS_DIR)/FeedBack.app/FeedBack";
			};
			name = Release;
		};
/* End XCBuildConfiguration section */

/* Begin XCConfigurationList section */
		65506C761A6E4AFE00D1862C /* Build configuration list for PBXProject "FeedBack" */ = {
			isa = XCConfigurationList;
			buildConfigurations = (
				65506C9C1A6E4AFE00D1862C /* Debug */,
				65506C9D1A6E4AFE00D1862C /* Release */,
			);
			defaultConfigurationIsVisible = 0;
			defaultConfigurationName = Release;
		};
		65506C9E1A6E4AFE00D1862C /* Build configuration list for PBXNativeTarget "FeedBack" */ = {
			isa = XCConfigurationList;
			buildConfigurations = (
				65506C9F1A6E4AFE00D1862C /* Debug */,
				65506CA01A6E4AFE00D1862C /* Release */,
			);
			defaultConfigurationIsVisible = 0;
			defaultConfigurationName = Release;
		};
		65506CA11A6E4AFE00D1862C /* Build configuration list for PBXNativeTarget "FeedBackTests" */ = {
			isa = XCConfigurationList;
			buildConfigurations = (
				65506CA21A6E4AFE00D1862C /* Debug */,
				65506CA31A6E4AFE00D1862C /* Release */,
			);
			defaultConfigurationIsVisible = 0;
			defaultConfigurationName = Release;
		};
/* End XCConfigurationList section */
	};
	rootObject = 65506C731A6E4AFE00D1862C /* Project object */;
}
